// !$*UTF8*$!
{
	archiveVersion = 1;
	classes = {
	};
	objectVersion = 77;
	objects = {

/* Begin PBXBuildFile section */
		01CADA4E8A062238E77A12C6 /* SRTExporter.swift in Sources */ = {isa = PBXBuildFile; fileRef = 0E82F7CBE4AAF3B9D691E3CE /* SRTExporter.swift */; };
		04ED7C2CD902F8BD74C030F9 /* MenuBarView.swift in Sources */ = {isa = PBXBuildFile; fileRef = AC3C16137457FFDD941DB61C /* MenuBarView.swift */; };
		0733C5331CF4AB6E797A5510 /* WritSegment.swift in Sources */ = {isa = PBXBuildFile; fileRef = 6A58F6F1145AB44C8777C2E9 /* WritSegment.swift */; };
		07F08A0AD95BD9CA2FF14E3A /* AppState.swift in Sources */ = {isa = PBXBuildFile; fileRef = 450A07FF87BA4E49BCB308B4 /* AppState.swift */; };
		087673AEF84E841FE144F726 /* WritApp.swift in Sources */ = {isa = PBXBuildFile; fileRef = 2E9BE13B8D0519D7C375151D /* WritApp.swift */; };
		12E226BD68D291AB86E4BF88 /* HistoryView.swift in Sources */ = {isa = PBXBuildFile; fileRef = 88644768A7C2C2637F2C04AB /* HistoryView.swift */; };
		1A0E62085750C88152F8CC5C /* TTSKit in Frameworks */ = {isa = PBXBuildFile; productRef = 7A58487611025E71BEB3241C /* TTSKit */; };
		23C8BAD12953C3ADEA113DCE /* AudioPlayerView.swift in Sources */ = {isa = PBXBuildFile; fileRef = 8E0783B0B0832188CA7B65DF /* AudioPlayerView.swift */; };
		298C873EEC3473BC2598E688 /* PhoneWatchSessionManager.swift in Sources */ = {isa = PBXBuildFile; fileRef = 589C5ABDA1DDF04661ABE10D /* PhoneWatchSessionManager.swift */; };
		2A915DEABA28EAA211A4497B /* TranscriptionTests.swift in Sources */ = {isa = PBXBuildFile; fileRef = 8F203A0AA5A41BF734C60FD4 /* TranscriptionTests.swift */; };
		2B0623F02D1AD91FB5F1F474 /* WhisperModel.swift in Sources */ = {isa = PBXBuildFile; fileRef = EE1A9E5DC18625440F473849 /* WhisperModel.swift */; };
		2D6A09B46359E6824154DDAB /* TXTExporterTests.swift in Sources */ = {isa = PBXBuildFile; fileRef = A294FA92E4D7E0259381208A /* TXTExporterTests.swift */; };
		2ED83E9524A064298B144441 /* TXTExporter.swift in Sources */ = {isa = PBXBuildFile; fileRef = F8EE0F050FF9FFCA6C89A64A /* TXTExporter.swift */; };
		35CD39CB23534CB5A2284E83 /* WritIntentsTests.swift in Sources */ = {isa = PBXBuildFile; fileRef = C4B706BF64DA9DDC1D9C8F42 /* WritIntentsTests.swift */; };
		3907A8B61DBF222BABDC8A72 /* FormattingHelpersTests.swift in Sources */ = {isa = PBXBuildFile; fileRef = 9B65B0DDF9D358D3358BA1A2 /* FormattingHelpersTests.swift */; };
		398E5C5D8493D49ADA4E6D6A /* ModelLoadPhaseTests.swift in Sources */ = {isa = PBXBuildFile; fileRef = E5ACC88A4146652A9EC569D1 /* ModelLoadPhaseTests.swift */; };
		39FB1551CEAC805A2C10FEFC /* ExportSheet.swift in Sources */ = {isa = PBXBuildFile; fileRef = 8D85492F9D36A4B36CAABF67 /* ExportSheet.swift */; };
		3CC3DF738686A89AC6FBB155 /* WritTheme.swift in Sources */ = {isa = PBXBuildFile; fileRef = 9E7A22898F13601727349781 /* WritTheme.swift */; };
		3DC63B53019BD9E1F269C558 /* WritActivityAttributesTests.swift in Sources */ = {isa = PBXBuildFile; fileRef = 9F0C24C3A3E7C5997A233FB4 /* WritActivityAttributesTests.swift */; };
		3DCC3B9543641749E76CF0D6 /* HistoryRowView.swift in Sources */ = {isa = PBXBuildFile; fileRef = 518D6D67FA2181ACCF94FDE4 /* HistoryRowView.swift */; };
		420F08CBEE5E0569B24D8735 /* AppGroupConstants.swift in Sources */ = {isa = PBXBuildFile; fileRef = D417D9D23327F7E36C3ED857 /* AppGroupConstants.swift */; };
		4678F97147B63B0A5A262AFE /* SettingsView.swift in Sources */ = {isa = PBXBuildFile; fileRef = E1143FEDEE5D712D2C504EB5 /* SettingsView.swift */; };
		485B8995B2CA480CCB06948B /* DeviceCapabilityTests.swift in Sources */ = {isa = PBXBuildFile; fileRef = 3E5D651C89F9A4D6F79DD732 /* DeviceCapabilityTests.swift */; };
		4CAB7FC4BCF1E8889C46AE2D /* LiveActivityIntents.swift in Sources */ = {isa = PBXBuildFile; fileRef = F07046DFBB8A14E400951CBE /* LiveActivityIntents.swift */; };
		57F8815C1969C2F17D00B462 /* WatchRecordingListView.swift in Sources */ = {isa = PBXBuildFile; fileRef = B147C6070E22E00714FB536D /* WatchRecordingListView.swift */; };
		58552C42DEBD35B637C4CF8C /* RetranscribeSheet.swift in Sources */ = {isa = PBXBuildFile; fileRef = 58D367DB64C929FC16BCB719 /* RetranscribeSheet.swift */; };
		60435EFA0E7AD7418738FA1A /* ModelRowViewTests.swift in Sources */ = {isa = PBXBuildFile; fileRef = 6B6BD955A5320D0981F18F9B /* ModelRowViewTests.swift */; };
		65F8DF21E600EE87798692A1 /* WritWatchApp.swift in Sources */ = {isa = PBXBuildFile; fileRef = E702BBA7486F940071C56001 /* WritWatchApp.swift */; };
		6CBDFA70EBD525E3E9D285D1 /* TranscriptionDetailView.swift in Sources */ = {isa = PBXBuildFile; fileRef = 7FF4474856DB89397902CD63 /* TranscriptionDetailView.swift */; };
		6E295C880ACA1039BE357AE9 /* MacDetailView.swift in Sources */ = {isa = PBXBuildFile; fileRef = 37A976323E8106648B333129 /* MacDetailView.swift */; };
		6E3EB1A136A88F004D3FF630 /* LiveActivityIntents.swift in Sources */ = {isa = PBXBuildFile; fileRef = F07046DFBB8A14E400951CBE /* LiveActivityIntents.swift */; };
		6F25F5C3795013A08B3586B1 /* ContentView.swift in Sources */ = {isa = PBXBuildFile; fileRef = 4DCA51AFD3CBD16E48252810 /* ContentView.swift */; };
		71C7ADD198495EF928E11051 /* WidgetConstants.swift in Sources */ = {isa = PBXBuildFile; fileRef = CD36F4E7A725E1EEA4EBB35E /* WidgetConstants.swift */; };
		7CD9281F8D44A7005B3380CB /* WhisperKit in Frameworks */ = {isa = PBXBuildFile; productRef = 180241A02C06271F5B7433CC /* WhisperKit */; };
		7D055A8242F3FDD2027F7510 /* LiveActivityManagerTests.swift in Sources */ = {isa = PBXBuildFile; fileRef = E75552524630DFE1F2024A2F /* LiveActivityManagerTests.swift */; };
		7FFD2052A885DEBD54FC4C39 /* SourceDeviceTests.swift in Sources */ = {isa = PBXBuildFile; fileRef = 7CD162602B4A663C5E7D3404 /* SourceDeviceTests.swift */; };
		82A8E97A0BA2E9AD76207785 /* DeviceCapability.swift in Sources */ = {isa = PBXBuildFile; fileRef = ECA32BE5DDC52BB14DC3DFC0 /* DeviceCapability.swift */; };
		87B494ED6298AF0DABAE7298 /* WatchSessionManager.swift in Sources */ = {isa = PBXBuildFile; fileRef = 6E3C9DC3AC7383FE5D19E255 /* WatchSessionManager.swift */; };
		881AF3F0719B2D6ECFE7B2BC /* WhisperKitEngine.swift in Sources */ = {isa = PBXBuildFile; fileRef = EF8FC0BDB8F6062EDCC9ADEF /* WhisperKitEngine.swift */; };
		8F5765E117622CA87B4CFEE5 /* MockTranscriptionEngine.swift in Sources */ = {isa = PBXBuildFile; fileRef = 0E9D6762D1938600800CEAC4 /* MockTranscriptionEngine.swift */; };
		8F7DCFF3412152E575D59EB5 /* ClipboardService.swift in Sources */ = {isa = PBXBuildFile; fileRef = B50B7720637B6332A18BD03A /* ClipboardService.swift */; };
		906292747CB2CD72E817ABBA /* WhisperModelTests.swift in Sources */ = {isa = PBXBuildFile; fileRef = EFAB8F2A9F7EAB29104152A6 /* WhisperModelTests.swift */; };
		92E6A335E205B5A07641465E /* ModelStateTests.swift in Sources */ = {isa = PBXBuildFile; fileRef = 1B5BF34EDB081845B7E782E6 /* ModelStateTests.swift */; };
		93EE85FC6502285E90DE4EAF /* FnKeyMonitor.swift in Sources */ = {isa = PBXBuildFile; fileRef = 4464AA8D2973F0E7DC7FE7FB /* FnKeyMonitor.swift */; };
		98B568D5852DE3F17BC378F9 /* LockScreenLiveActivityView.swift in Sources */ = {isa = PBXBuildFile; fileRef = 4A94F4FEE3194FD1245E09DB /* LockScreenLiveActivityView.swift */; };
		9EDC5572DFBE001B76AB0347 /* Transcription.swift in Sources */ = {isa = PBXBuildFile; fileRef = B6C4767010237B796BF1893B /* Transcription.swift */; };
		A1CE9D9507A59539314DC612 /* DeepLinkTests.swift in Sources */ = {isa = PBXBuildFile; fileRef = 12F4CE3CE4E93A43EB243BD4 /* DeepLinkTests.swift */; };
		A31DB42DA544E1ED821C6957 /* FormattingHelpers.swift in Sources */ = {isa = PBXBuildFile; fileRef = 5A0CF57E1F37588459308FEB /* FormattingHelpers.swift */; };
		AA991A1B1FC60CF0B7F3EE84 /* WritLiveActivity.swift in Sources */ = {isa = PBXBuildFile; fileRef = 70FD7E22AE86E9C4178E4718 /* WritLiveActivity.swift */; };
		B6DA2896448C60246CD37D20 /* AppStateTests.swift in Sources */ = {isa = PBXBuildFile; fileRef = 8EF9343D43867833F5F9C635 /* AppStateTests.swift */; };
		BC525A45888371B42368FB62 /* WritRecordingWidget.swift in Sources */ = {isa = PBXBuildFile; fileRef = 468E478F7DCBBEFEDDCEFEA2 /* WritRecordingWidget.swift */; };
		C08E8995BE99C7ED03F93EF1 /* AppGroupConstantsTests.swift in Sources */ = {isa = PBXBuildFile; fileRef = 7D391185D1A52E91BF24A99D /* AppGroupConstantsTests.swift */; };
		C106F1D7DCE4C6B0581EBCCB /* WritActivityAttributes.swift in Sources */ = {isa = PBXBuildFile; fileRef = 8881C7CCFE9BC0A0AC5DE9D2 /* WritActivityAttributes.swift */; };
		C1E52110156CFC6279F59AE2 /* MacSidebarRowView.swift in Sources */ = {isa = PBXBuildFile; fileRef = 61B52EA676CA1114BF089A1C /* MacSidebarRowView.swift */; };
		C5BBF3DB918C7BC99B447E40 /* WritIntents.swift in Sources */ = {isa = PBXBuildFile; fileRef = 579E97D70B4A856EDD256535 /* WritIntents.swift */; };
		C7518C60EB0075558B7D2226 /* WatchRecordingView.swift in Sources */ = {isa = PBXBuildFile; fileRef = BBF998B662C27D7DC10D2CE2 /* WatchRecordingView.swift */; };
		C892ED3A4ECC99DCE8D01977 /* ModelManagerCancelTests.swift in Sources */ = {isa = PBXBuildFile; fileRef = DDC6B936044047053FC6D0B2 /* ModelManagerCancelTests.swift */; };
		C93E576FD4EBC47F420A7E09 /* WritActivityAttributes.swift in Sources */ = {isa = PBXBuildFile; fileRef = 8881C7CCFE9BC0A0AC5DE9D2 /* WritActivityAttributes.swift */; };
		CB0335A906439758C3C7BFAE /* AudioWaveformExtractor.swift in Sources */ = {isa = PBXBuildFile; fileRef = BF1FFB4F5F118A1EC77A0DF1 /* AudioWaveformExtractor.swift */; };
		CF36A5E8BAAFAB547D05C3CB /* WritWidgetExtension.appex in Embed Dependencies */ = {isa = PBXBuildFile; fileRef = 4D4E8C2F6544728333B73672 /* WritWidgetExtension.appex */; platformFilters = (ios, ); settings = {ATTRIBUTES = (CodeSignOnCopy, RemoveHeadersOnCopy, ); }; };
		D4A706C7391D00A5D7BF38E1 /* TranscriptionEngine.swift in Sources */ = {isa = PBXBuildFile; fileRef = 1226F9D17C1F324A3249319D /* TranscriptionEngine.swift */; };
		D768C33FA1D997D98B7DAF1E /* AudioRecorderService.swift in Sources */ = {isa = PBXBuildFile; fileRef = C9C315DF1AD1D6D854A8E501 /* AudioRecorderService.swift */; };
		DA178190DFCF415B32609071 /* WritWidgetBundle.swift in Sources */ = {isa = PBXBuildFile; fileRef = 35C678FF861730D67A6C95BC /* WritWidgetBundle.swift */; };
		E1FFB8ECD9056B978AB40E5F /* AppGroupConstants.swift in Sources */ = {isa = PBXBuildFile; fileRef = D417D9D23327F7E36C3ED857 /* AppGroupConstants.swift */; };
		E271EC054C884C9F753C3454 /* WhisperKitEngineTests.swift in Sources */ = {isa = PBXBuildFile; fileRef = 5FFF72712B2EA85DAE5D91EE /* WhisperKitEngineTests.swift */; };
		E389A64ADC4267F09DB87863 /* RecordingView.swift in Sources */ = {isa = PBXBuildFile; fileRef = 4E43431AD18F523912F387C3 /* RecordingView.swift */; };
		E49E872E7C85542574CCB69B /* MacMainView.swift in Sources */ = {isa = PBXBuildFile; fileRef = 67B6AB2D7AB508160986C207 /* MacMainView.swift */; };
		E5DAA0BEBE1D6F7CD53E28F1 /* WaveformView.swift in Sources */ = {isa = PBXBuildFile; fileRef = 2CC8DE612C60B70BA3A6238D /* WaveformView.swift */; };
		E65FEE24A9D895F6AB3BBCD7 /* ModelManager.swift in Sources */ = {isa = PBXBuildFile; fileRef = 61EC12A8389A953C44506600 /* ModelManager.swift */; };
		EF2EFBC927674F96A0920677 /* SRTExporterTests.swift in Sources */ = {isa = PBXBuildFile; fileRef = 4A5281348842AB4F059ECA4E /* SRTExporterTests.swift */; };
		F02206ABC206402099B3293C /* Recording.swift in Sources */ = {isa = PBXBuildFile; fileRef = EBF0D0DDFF0A4581A6967A1F /* Recording.swift */; };
		F3E19B6E3E727BD0C111031A /* Assets.xcassets in Resources */ = {isa = PBXBuildFile; fileRef = CE101945BBB664C4C6164399 /* Assets.xcassets */; };
		F6015EB1E100DC05F5D11BE8 /* ModelManagerTests.swift in Sources */ = {isa = PBXBuildFile; fileRef = 66FF74AFE733E41A16DFD33C /* ModelManagerTests.swift */; };
		FCF8568FA900EBCFC3899DE8 /* LiveActivityManager.swift in Sources */ = {isa = PBXBuildFile; fileRef = C8CA2D76148079B53FBBDC2F /* LiveActivityManager.swift */; };
/* End PBXBuildFile section */

/* Begin PBXContainerItemProxy section */
		33FC70BEDC07C1ED38A9237D /* PBXContainerItemProxy */ = {
			isa = PBXContainerItemProxy;
			containerPortal = 986FFD0EF3ABB55A8D5D4B17 /* Project object */;
			proxyType = 1;
			remoteGlobalIDString = FFC58C17E8C9280B1FE475F5;
			remoteInfo = WritWidgetExtension;
		};
		A32F59ED4E0D264A76F35A84 /* PBXContainerItemProxy */ = {
			isa = PBXContainerItemProxy;
			containerPortal = 986FFD0EF3ABB55A8D5D4B17 /* Project object */;
			proxyType = 1;
			remoteGlobalIDString = B70CACF13BCA4D403296CFE2;
			remoteInfo = Writ;
		};
/* End PBXContainerItemProxy section */

/* Begin PBXCopyFilesBuildPhase section */
		E9D5165E8DCB92A9A2AA3516 /* Embed Dependencies */ = {
			isa = PBXCopyFilesBuildPhase;
			buildActionMask = 2147483647;
			dstPath = "";
			dstSubfolderSpec = 13;
			files = (
				CF36A5E8BAAFAB547D05C3CB /* WritWidgetExtension.appex in Embed Dependencies */,
			);
			name = "Embed Dependencies";
			runOnlyForDeploymentPostprocessing = 0;
		};
/* End PBXCopyFilesBuildPhase section */

/* Begin PBXFileReference section */
		0E82F7CBE4AAF3B9D691E3CE /* SRTExporter.swift */ = {isa = PBXFileReference; lastKnownFileType = sourcecode.swift; path = SRTExporter.swift; sourceTree = "<group>"; };
		0E9D6762D1938600800CEAC4 /* MockTranscriptionEngine.swift */ = {isa = PBXFileReference; lastKnownFileType = sourcecode.swift; path = MockTranscriptionEngine.swift; sourceTree = "<group>"; };
		10FE78AF87BBA646CDC9E1B6 /* Info.plist */ = {isa = PBXFileReference; lastKnownFileType = text.plist; path = Info.plist; sourceTree = "<group>"; };
		1226F9D17C1F324A3249319D /* TranscriptionEngine.swift */ = {isa = PBXFileReference; lastKnownFileType = sourcecode.swift; path = TranscriptionEngine.swift; sourceTree = "<group>"; };
		12F4CE3CE4E93A43EB243BD4 /* DeepLinkTests.swift */ = {isa = PBXFileReference; lastKnownFileType = sourcecode.swift; path = DeepLinkTests.swift; sourceTree = "<group>"; };
		159807BAD118BC6189C7F925 /* WritTests.xctest */ = {isa = PBXFileReference; includeInIndex = 0; lastKnownFileType = wrapper.cfbundle; path = WritTests.xctest; sourceTree = BUILT_PRODUCTS_DIR; };
		1B5BF34EDB081845B7E782E6 /* ModelStateTests.swift */ = {isa = PBXFileReference; lastKnownFileType = sourcecode.swift; path = ModelStateTests.swift; sourceTree = "<group>"; };
		2CC8DE612C60B70BA3A6238D /* WaveformView.swift */ = {isa = PBXFileReference; lastKnownFileType = sourcecode.swift; path = WaveformView.swift; sourceTree = "<group>"; };
		2E9BE13B8D0519D7C375151D /* WritApp.swift */ = {isa = PBXFileReference; lastKnownFileType = sourcecode.swift; path = WritApp.swift; sourceTree = "<group>"; };
		35C678FF861730D67A6C95BC /* WritWidgetBundle.swift */ = {isa = PBXFileReference; lastKnownFileType = sourcecode.swift; path = WritWidgetBundle.swift; sourceTree = "<group>"; };
		37A976323E8106648B333129 /* MacDetailView.swift */ = {isa = PBXFileReference; lastKnownFileType = sourcecode.swift; path = MacDetailView.swift; sourceTree = "<group>"; };
		3BDFE159E4106650E88EBE31 /* Writ.entitlements */ = {isa = PBXFileReference; lastKnownFileType = text.plist.entitlements; path = Writ.entitlements; sourceTree = "<group>"; };
		3E5D651C89F9A4D6F79DD732 /* DeviceCapabilityTests.swift */ = {isa = PBXFileReference; lastKnownFileType = sourcecode.swift; path = DeviceCapabilityTests.swift; sourceTree = "<group>"; };
		4464AA8D2973F0E7DC7FE7FB /* FnKeyMonitor.swift */ = {isa = PBXFileReference; lastKnownFileType = sourcecode.swift; path = FnKeyMonitor.swift; sourceTree = "<group>"; };
		450A07FF87BA4E49BCB308B4 /* AppState.swift */ = {isa = PBXFileReference; lastKnownFileType = sourcecode.swift; path = AppState.swift; sourceTree = "<group>"; };
		468E478F7DCBBEFEDDCEFEA2 /* WritRecordingWidget.swift */ = {isa = PBXFileReference; lastKnownFileType = sourcecode.swift; path = WritRecordingWidget.swift; sourceTree = "<group>"; };
		4A5281348842AB4F059ECA4E /* SRTExporterTests.swift */ = {isa = PBXFileReference; lastKnownFileType = sourcecode.swift; path = SRTExporterTests.swift; sourceTree = "<group>"; };
		4A94F4FEE3194FD1245E09DB /* LockScreenLiveActivityView.swift */ = {isa = PBXFileReference; lastKnownFileType = sourcecode.swift; path = LockScreenLiveActivityView.swift; sourceTree = "<group>"; };
		4D4E8C2F6544728333B73672 /* WritWidgetExtension.appex */ = {isa = PBXFileReference; includeInIndex = 0; lastKnownFileType = "wrapper.app-extension"; path = WritWidgetExtension.appex; sourceTree = BUILT_PRODUCTS_DIR; };
		4DCA51AFD3CBD16E48252810 /* ContentView.swift */ = {isa = PBXFileReference; lastKnownFileType = sourcecode.swift; path = ContentView.swift; sourceTree = "<group>"; };
		4E43431AD18F523912F387C3 /* RecordingView.swift */ = {isa = PBXFileReference; lastKnownFileType = sourcecode.swift; path = RecordingView.swift; sourceTree = "<group>"; };
		518D6D67FA2181ACCF94FDE4 /* HistoryRowView.swift */ = {isa = PBXFileReference; lastKnownFileType = sourcecode.swift; path = HistoryRowView.swift; sourceTree = "<group>"; };
		579E97D70B4A856EDD256535 /* WritIntents.swift */ = {isa = PBXFileReference; lastKnownFileType = sourcecode.swift; path = WritIntents.swift; sourceTree = "<group>"; };
		589C5ABDA1DDF04661ABE10D /* PhoneWatchSessionManager.swift */ = {isa = PBXFileReference; lastKnownFileType = sourcecode.swift; path = PhoneWatchSessionManager.swift; sourceTree = "<group>"; };
		58D367DB64C929FC16BCB719 /* RetranscribeSheet.swift */ = {isa = PBXFileReference; lastKnownFileType = sourcecode.swift; path = RetranscribeSheet.swift; sourceTree = "<group>"; };
		5A0CF57E1F37588459308FEB /* FormattingHelpers.swift */ = {isa = PBXFileReference; lastKnownFileType = sourcecode.swift; path = FormattingHelpers.swift; sourceTree = "<group>"; };
		5FFF72712B2EA85DAE5D91EE /* WhisperKitEngineTests.swift */ = {isa = PBXFileReference; lastKnownFileType = sourcecode.swift; path = WhisperKitEngineTests.swift; sourceTree = "<group>"; };
		61B52EA676CA1114BF089A1C /* MacSidebarRowView.swift */ = {isa = PBXFileReference; lastKnownFileType = sourcecode.swift; path = MacSidebarRowView.swift; sourceTree = "<group>"; };
		61EC12A8389A953C44506600 /* ModelManager.swift */ = {isa = PBXFileReference; lastKnownFileType = sourcecode.swift; path = ModelManager.swift; sourceTree = "<group>"; };
		66FF74AFE733E41A16DFD33C /* ModelManagerTests.swift */ = {isa = PBXFileReference; lastKnownFileType = sourcecode.swift; path = ModelManagerTests.swift; sourceTree = "<group>"; };
		67B6AB2D7AB508160986C207 /* MacMainView.swift */ = {isa = PBXFileReference; lastKnownFileType = sourcecode.swift; path = MacMainView.swift; sourceTree = "<group>"; };
		6A58F6F1145AB44C8777C2E9 /* WritSegment.swift */ = {isa = PBXFileReference; lastKnownFileType = sourcecode.swift; path = WritSegment.swift; sourceTree = "<group>"; };
		6AEE27E2BDAFFD6E4A1D9DB8 /* WritWatch.app */ = {isa = PBXFileReference; explicitFileType = wrapper.application; includeInIndex = 0; path = WritWatch.app; sourceTree = BUILT_PRODUCTS_DIR; };
		6B6BD955A5320D0981F18F9B /* ModelRowViewTests.swift */ = {isa = PBXFileReference; lastKnownFileType = sourcecode.swift; path = ModelRowViewTests.swift; sourceTree = "<group>"; };
		6E3C9DC3AC7383FE5D19E255 /* WatchSessionManager.swift */ = {isa = PBXFileReference; lastKnownFileType = sourcecode.swift; path = WatchSessionManager.swift; sourceTree = "<group>"; };
		70FD7E22AE86E9C4178E4718 /* WritLiveActivity.swift */ = {isa = PBXFileReference; lastKnownFileType = sourcecode.swift; path = WritLiveActivity.swift; sourceTree = "<group>"; };
		7CD162602B4A663C5E7D3404 /* SourceDeviceTests.swift */ = {isa = PBXFileReference; lastKnownFileType = sourcecode.swift; path = SourceDeviceTests.swift; sourceTree = "<group>"; };
		7D391185D1A52E91BF24A99D /* AppGroupConstantsTests.swift */ = {isa = PBXFileReference; lastKnownFileType = sourcecode.swift; path = AppGroupConstantsTests.swift; sourceTree = "<group>"; };
		7FF4474856DB89397902CD63 /* TranscriptionDetailView.swift */ = {isa = PBXFileReference; lastKnownFileType = sourcecode.swift; path = TranscriptionDetailView.swift; sourceTree = "<group>"; };
		88644768A7C2C2637F2C04AB /* HistoryView.swift */ = {isa = PBXFileReference; lastKnownFileType = sourcecode.swift; path = HistoryView.swift; sourceTree = "<group>"; };
		8881C7CCFE9BC0A0AC5DE9D2 /* WritActivityAttributes.swift */ = {isa = PBXFileReference; lastKnownFileType = sourcecode.swift; path = WritActivityAttributes.swift; sourceTree = "<group>"; };
		8D85492F9D36A4B36CAABF67 /* ExportSheet.swift */ = {isa = PBXFileReference; lastKnownFileType = sourcecode.swift; path = ExportSheet.swift; sourceTree = "<group>"; };
		8E0783B0B0832188CA7B65DF /* AudioPlayerView.swift */ = {isa = PBXFileReference; lastKnownFileType = sourcecode.swift; path = AudioPlayerView.swift; sourceTree = "<group>"; };
		8EF9343D43867833F5F9C635 /* AppStateTests.swift */ = {isa = PBXFileReference; lastKnownFileType = sourcecode.swift; path = AppStateTests.swift; sourceTree = "<group>"; };
		8F203A0AA5A41BF734C60FD4 /* TranscriptionTests.swift */ = {isa = PBXFileReference; lastKnownFileType = sourcecode.swift; path = TranscriptionTests.swift; sourceTree = "<group>"; };
		9B65B0DDF9D358D3358BA1A2 /* FormattingHelpersTests.swift */ = {isa = PBXFileReference; lastKnownFileType = sourcecode.swift; path = FormattingHelpersTests.swift; sourceTree = "<group>"; };
		9E7A22898F13601727349781 /* WritTheme.swift */ = {isa = PBXFileReference; lastKnownFileType = sourcecode.swift; path = WritTheme.swift; sourceTree = "<group>"; };
		9F0C24C3A3E7C5997A233FB4 /* WritActivityAttributesTests.swift */ = {isa = PBXFileReference; lastKnownFileType = sourcecode.swift; path = WritActivityAttributesTests.swift; sourceTree = "<group>"; };
		A294FA92E4D7E0259381208A /* TXTExporterTests.swift */ = {isa = PBXFileReference; lastKnownFileType = sourcecode.swift; path = TXTExporterTests.swift; sourceTree = "<group>"; };
		AC3C16137457FFDD941DB61C /* MenuBarView.swift */ = {isa = PBXFileReference; lastKnownFileType = sourcecode.swift; path = MenuBarView.swift; sourceTree = "<group>"; };
		B147C6070E22E00714FB536D /* WatchRecordingListView.swift */ = {isa = PBXFileReference; lastKnownFileType = sourcecode.swift; path = WatchRecordingListView.swift; sourceTree = "<group>"; };
		B50B7720637B6332A18BD03A /* ClipboardService.swift */ = {isa = PBXFileReference; lastKnownFileType = sourcecode.swift; path = ClipboardService.swift; sourceTree = "<group>"; };
		B6C4767010237B796BF1893B /* Transcription.swift */ = {isa = PBXFileReference; lastKnownFileType = sourcecode.swift; path = Transcription.swift; sourceTree = "<group>"; };
		BBF998B662C27D7DC10D2CE2 /* WatchRecordingView.swift */ = {isa = PBXFileReference; lastKnownFileType = sourcecode.swift; path = WatchRecordingView.swift; sourceTree = "<group>"; };
		BF1FFB4F5F118A1EC77A0DF1 /* AudioWaveformExtractor.swift */ = {isa = PBXFileReference; lastKnownFileType = sourcecode.swift; path = AudioWaveformExtractor.swift; sourceTree = "<group>"; };
		C11853B3ED386EAF5F03EF3F /* Info.plist */ = {isa = PBXFileReference; lastKnownFileType = text.plist; path = Info.plist; sourceTree = "<group>"; };
		C4B706BF64DA9DDC1D9C8F42 /* WritIntentsTests.swift */ = {isa = PBXFileReference; lastKnownFileType = sourcecode.swift; path = WritIntentsTests.swift; sourceTree = "<group>"; };
		C8CA2D76148079B53FBBDC2F /* LiveActivityManager.swift */ = {isa = PBXFileReference; lastKnownFileType = sourcecode.swift; path = LiveActivityManager.swift; sourceTree = "<group>"; };
		C9C315DF1AD1D6D854A8E501 /* AudioRecorderService.swift */ = {isa = PBXFileReference; lastKnownFileType = sourcecode.swift; path = AudioRecorderService.swift; sourceTree = "<group>"; };
		CD36F4E7A725E1EEA4EBB35E /* WidgetConstants.swift */ = {isa = PBXFileReference; lastKnownFileType = sourcecode.swift; path = WidgetConstants.swift; sourceTree = "<group>"; };
		CE101945BBB664C4C6164399 /* Assets.xcassets */ = {isa = PBXFileReference; lastKnownFileType = folder.assetcatalog; path = Assets.xcassets; sourceTree = "<group>"; };
		D417D9D23327F7E36C3ED857 /* AppGroupConstants.swift */ = {isa = PBXFileReference; lastKnownFileType = sourcecode.swift; path = AppGroupConstants.swift; sourceTree = "<group>"; };
		DDC6B936044047053FC6D0B2 /* ModelManagerCancelTests.swift */ = {isa = PBXFileReference; lastKnownFileType = sourcecode.swift; path = ModelManagerCancelTests.swift; sourceTree = "<group>"; };
		E1143FEDEE5D712D2C504EB5 /* SettingsView.swift */ = {isa = PBXFileReference; lastKnownFileType = sourcecode.swift; path = SettingsView.swift; sourceTree = "<group>"; };
		E5ACC88A4146652A9EC569D1 /* ModelLoadPhaseTests.swift */ = {isa = PBXFileReference; lastKnownFileType = sourcecode.swift; path = ModelLoadPhaseTests.swift; sourceTree = "<group>"; };
		E702BBA7486F940071C56001 /* WritWatchApp.swift */ = {isa = PBXFileReference; lastKnownFileType = sourcecode.swift; path = WritWatchApp.swift; sourceTree = "<group>"; };
		E75552524630DFE1F2024A2F /* LiveActivityManagerTests.swift */ = {isa = PBXFileReference; lastKnownFileType = sourcecode.swift; path = LiveActivityManagerTests.swift; sourceTree = "<group>"; };
		EA4AA7A7B679D0D0A2603C2F /* WritWidgetExtension.entitlements */ = {isa = PBXFileReference; lastKnownFileType = text.plist.entitlements; path = WritWidgetExtension.entitlements; sourceTree = "<group>"; };
		EB2CFAF84DB2F8274AC9E66F /* Writ.app */ = {isa = PBXFileReference; includeInIndex = 0; lastKnownFileType = wrapper.application; path = Writ.app; sourceTree = BUILT_PRODUCTS_DIR; };
		EBF0D0DDFF0A4581A6967A1F /* Recording.swift */ = {isa = PBXFileReference; lastKnownFileType = sourcecode.swift; path = Recording.swift; sourceTree = "<group>"; };
		ECA32BE5DDC52BB14DC3DFC0 /* DeviceCapability.swift */ = {isa = PBXFileReference; lastKnownFileType = sourcecode.swift; path = DeviceCapability.swift; sourceTree = "<group>"; };
		EE1A9E5DC18625440F473849 /* WhisperModel.swift */ = {isa = PBXFileReference; lastKnownFileType = sourcecode.swift; path = WhisperModel.swift; sourceTree = "<group>"; };
		EF8FC0BDB8F6062EDCC9ADEF /* WhisperKitEngine.swift */ = {isa = PBXFileReference; lastKnownFileType = sourcecode.swift; path = WhisperKitEngine.swift; sourceTree = "<group>"; };
		EFAB8F2A9F7EAB29104152A6 /* WhisperModelTests.swift */ = {isa = PBXFileReference; lastKnownFileType = sourcecode.swift; path = WhisperModelTests.swift; sourceTree = "<group>"; };
		F07046DFBB8A14E400951CBE /* LiveActivityIntents.swift */ = {isa = PBXFileReference; lastKnownFileType = sourcecode.swift; path = LiveActivityIntents.swift; sourceTree = "<group>"; };
		F8EE0F050FF9FFCA6C89A64A /* TXTExporter.swift */ = {isa = PBXFileReference; lastKnownFileType = sourcecode.swift; path = TXTExporter.swift; sourceTree = "<group>"; };
/* End PBXFileReference section */

/* Begin PBXFrameworksBuildPhase section */
		4454ECB072641E0BB68756C3 /* Frameworks */ = {
			isa = PBXFrameworksBuildPhase;
			buildActionMask = 2147483647;
			files = (
				7CD9281F8D44A7005B3380CB /* WhisperKit in Frameworks */,
				1A0E62085750C88152F8CC5C /* TTSKit in Frameworks */,
			);
			runOnlyForDeploymentPostprocessing = 0;
		};
/* End PBXFrameworksBuildPhase section */

/* Begin PBXGroup section */
		14816D2DE52AC617F9ED21AF /* Features */ = {
			isa = PBXGroup;
			children = (
				EF80CFF735B4B27C7CBB2315 /* Detail */,
				8EAC24CE5F9CC2BF3AAD6390 /* History */,
				2E37D987BC99117115C3DBD8 /* Mac */,
				D5560EA3F1027CDDB491082B /* Recording */,
				8955C0CAD2A2FD3D7DA9C711 /* Settings */,
			);
			path = Features;
			sourceTree = "<group>";
		};
		2E37D987BC99117115C3DBD8 /* Mac */ = {
			isa = PBXGroup;
			children = (
				4464AA8D2973F0E7DC7FE7FB /* FnKeyMonitor.swift */,
				37A976323E8106648B333129 /* MacDetailView.swift */,
				67B6AB2D7AB508160986C207 /* MacMainView.swift */,
				61B52EA676CA1114BF089A1C /* MacSidebarRowView.swift */,
				AC3C16137457FFDD941DB61C /* MenuBarView.swift */,
			);
			path = Mac;
			sourceTree = "<group>";
		};
		3B43C825EB538ED78E9ECB78 /* Services */ = {
			isa = PBXGroup;
			children = (
				C9C315DF1AD1D6D854A8E501 /* AudioRecorderService.swift */,
				B50B7720637B6332A18BD03A /* ClipboardService.swift */,
				C8CA2D76148079B53FBBDC2F /* LiveActivityManager.swift */,
				61EC12A8389A953C44506600 /* ModelManager.swift */,
				589C5ABDA1DDF04661ABE10D /* PhoneWatchSessionManager.swift */,
				EF8FC0BDB8F6062EDCC9ADEF /* WhisperKitEngine.swift */,
			);
			path = Services;
			sourceTree = "<group>";
		};
		495BF3BD4AB74439A395B078 /* Writ */ = {
			isa = PBXGroup;
			children = (
				CE101945BBB664C4C6164399 /* Assets.xcassets */,
				C11853B3ED386EAF5F03EF3F /* Info.plist */,
				3BDFE159E4106650E88EBE31 /* Writ.entitlements */,
				7FE6EBA906A333071CB2482C /* App */,
				B424EDBBA8A80338704B2011 /* AppIntents */,
				96C8D2B8F3227F3275E5CC6A /* Core */,
				14816D2DE52AC617F9ED21AF /* Features */,
			);
			path = Writ;
			sourceTree = "<group>";
		};
		77748F006D9AC81CBE384642 /* Products */ = {
			isa = PBXGroup;
			children = (
				EB2CFAF84DB2F8274AC9E66F /* Writ.app */,
				159807BAD118BC6189C7F925 /* WritTests.xctest */,
				6AEE27E2BDAFFD6E4A1D9DB8 /* WritWatch.app */,
				4D4E8C2F6544728333B73672 /* WritWidgetExtension.appex */,
			);
			name = Products;
			sourceTree = "<group>";
		};
		7DE79B5C7879088B69FF9189 /* Utilities */ = {
			isa = PBXGroup;
			children = (
				D417D9D23327F7E36C3ED857 /* AppGroupConstants.swift */,
				BF1FFB4F5F118A1EC77A0DF1 /* AudioWaveformExtractor.swift */,
				5A0CF57E1F37588459308FEB /* FormattingHelpers.swift */,
				0E82F7CBE4AAF3B9D691E3CE /* SRTExporter.swift */,
				F8EE0F050FF9FFCA6C89A64A /* TXTExporter.swift */,
			);
			path = Utilities;
			sourceTree = "<group>";
		};
		7F00D5476D05A7667B73D89D = {
			isa = PBXGroup;
			children = (
				495BF3BD4AB74439A395B078 /* Writ */,
				935C200288CA7C352FDE5A3F /* WritTests */,
				8DEF8A9C739B82832F322628 /* WritWatch */,
				BDC62D3DAC57786ED5A8E9CF /* WritWidgetExtension */,
				77748F006D9AC81CBE384642 /* Products */,
			);
			sourceTree = "<group>";
		};
		7FE6EBA906A333071CB2482C /* App */ = {
			isa = PBXGroup;
			children = (
				450A07FF87BA4E49BCB308B4 /* AppState.swift */,
				4DCA51AFD3CBD16E48252810 /* ContentView.swift */,
				2E9BE13B8D0519D7C375151D /* WritApp.swift */,
			);
			path = App;
			sourceTree = "<group>";
		};
		8955C0CAD2A2FD3D7DA9C711 /* Settings */ = {
			isa = PBXGroup;
			children = (
				E1143FEDEE5D712D2C504EB5 /* SettingsView.swift */,
			);
			path = Settings;
			sourceTree = "<group>";
		};
		8DEF8A9C739B82832F322628 /* WritWatch */ = {
			isa = PBXGroup;
			children = (
				B147C6070E22E00714FB536D /* WatchRecordingListView.swift */,
				BBF998B662C27D7DC10D2CE2 /* WatchRecordingView.swift */,
				6E3C9DC3AC7383FE5D19E255 /* WatchSessionManager.swift */,
				E702BBA7486F940071C56001 /* WritWatchApp.swift */,
			);
			path = WritWatch;
			sourceTree = "<group>";
		};
		8EAC24CE5F9CC2BF3AAD6390 /* History */ = {
			isa = PBXGroup;
			children = (
				518D6D67FA2181ACCF94FDE4 /* HistoryRowView.swift */,
				88644768A7C2C2637F2C04AB /* HistoryView.swift */,
			);
			path = History;
			sourceTree = "<group>";
		};
		935C200288CA7C352FDE5A3F /* WritTests */ = {
			isa = PBXGroup;
			children = (
				7D391185D1A52E91BF24A99D /* AppGroupConstantsTests.swift */,
				8EF9343D43867833F5F9C635 /* AppStateTests.swift */,
				12F4CE3CE4E93A43EB243BD4 /* DeepLinkTests.swift */,
				3E5D651C89F9A4D6F79DD732 /* DeviceCapabilityTests.swift */,
				9B65B0DDF9D358D3358BA1A2 /* FormattingHelpersTests.swift */,
				E75552524630DFE1F2024A2F /* LiveActivityManagerTests.swift */,
				E5ACC88A4146652A9EC569D1 /* ModelLoadPhaseTests.swift */,
				DDC6B936044047053FC6D0B2 /* ModelManagerCancelTests.swift */,
				66FF74AFE733E41A16DFD33C /* ModelManagerTests.swift */,
				6B6BD955A5320D0981F18F9B /* ModelRowViewTests.swift */,
				1B5BF34EDB081845B7E782E6 /* ModelStateTests.swift */,
				7CD162602B4A663C5E7D3404 /* SourceDeviceTests.swift */,
				4A5281348842AB4F059ECA4E /* SRTExporterTests.swift */,
				8F203A0AA5A41BF734C60FD4 /* TranscriptionTests.swift */,
				A294FA92E4D7E0259381208A /* TXTExporterTests.swift */,
				5FFF72712B2EA85DAE5D91EE /* WhisperKitEngineTests.swift */,
				EFAB8F2A9F7EAB29104152A6 /* WhisperModelTests.swift */,
				9F0C24C3A3E7C5997A233FB4 /* WritActivityAttributesTests.swift */,
				C4B706BF64DA9DDC1D9C8F42 /* WritIntentsTests.swift */,
				F09784ED0BFD5EB743A3BC06 /* Mocks */,
			);
			path = WritTests;
			sourceTree = "<group>";
		};
		96C8D2B8F3227F3275E5CC6A /* Core */ = {
			isa = PBXGroup;
			children = (
				9CC934C65B1D364B845A7651 /* Models */,
				DE1E35CA122807EAA730B6AE /* Protocols */,
				3B43C825EB538ED78E9ECB78 /* Services */,
				9BB8A93BDEEA16541EF3D3F5 /* Theme */,
				7DE79B5C7879088B69FF9189 /* Utilities */,
			);
			path = Core;
			sourceTree = "<group>";
		};
		9BB8A93BDEEA16541EF3D3F5 /* Theme */ = {
			isa = PBXGroup;
			children = (
				9E7A22898F13601727349781 /* WritTheme.swift */,
			);
			path = Theme;
			sourceTree = "<group>";
		};
		9CC934C65B1D364B845A7651 /* Models */ = {
			isa = PBXGroup;
			children = (
				ECA32BE5DDC52BB14DC3DFC0 /* DeviceCapability.swift */,
				EBF0D0DDFF0A4581A6967A1F /* Recording.swift */,
				B6C4767010237B796BF1893B /* Transcription.swift */,
				EE1A9E5DC18625440F473849 /* WhisperModel.swift */,
				8881C7CCFE9BC0A0AC5DE9D2 /* WritActivityAttributes.swift */,
				6A58F6F1145AB44C8777C2E9 /* WritSegment.swift */,
			);
			path = Models;
			sourceTree = "<group>";
		};
		B424EDBBA8A80338704B2011 /* AppIntents */ = {
			isa = PBXGroup;
			children = (
				F07046DFBB8A14E400951CBE /* LiveActivityIntents.swift */,
				579E97D70B4A856EDD256535 /* WritIntents.swift */,
			);
			path = AppIntents;
			sourceTree = "<group>";
		};
		BDC62D3DAC57786ED5A8E9CF /* WritWidgetExtension */ = {
			isa = PBXGroup;
			children = (
				10FE78AF87BBA646CDC9E1B6 /* Info.plist */,
				4A94F4FEE3194FD1245E09DB /* LockScreenLiveActivityView.swift */,
				CD36F4E7A725E1EEA4EBB35E /* WidgetConstants.swift */,
				70FD7E22AE86E9C4178E4718 /* WritLiveActivity.swift */,
				468E478F7DCBBEFEDDCEFEA2 /* WritRecordingWidget.swift */,
				35C678FF861730D67A6C95BC /* WritWidgetBundle.swift */,
				EA4AA7A7B679D0D0A2603C2F /* WritWidgetExtension.entitlements */,
			);
			path = WritWidgetExtension;
			sourceTree = "<group>";
		};
		D5560EA3F1027CDDB491082B /* Recording */ = {
			isa = PBXGroup;
			children = (
				4E43431AD18F523912F387C3 /* RecordingView.swift */,
				2CC8DE612C60B70BA3A6238D /* WaveformView.swift */,
			);
			path = Recording;
			sourceTree = "<group>";
		};
		DE1E35CA122807EAA730B6AE /* Protocols */ = {
			isa = PBXGroup;
			children = (
				1226F9D17C1F324A3249319D /* TranscriptionEngine.swift */,
			);
			path = Protocols;
			sourceTree = "<group>";
		};
		EF80CFF735B4B27C7CBB2315 /* Detail */ = {
			isa = PBXGroup;
			children = (
				8E0783B0B0832188CA7B65DF /* AudioPlayerView.swift */,
				8D85492F9D36A4B36CAABF67 /* ExportSheet.swift */,
				58D367DB64C929FC16BCB719 /* RetranscribeSheet.swift */,
				7FF4474856DB89397902CD63 /* TranscriptionDetailView.swift */,
			);
			path = Detail;
			sourceTree = "<group>";
		};
		F09784ED0BFD5EB743A3BC06 /* Mocks */ = {
			isa = PBXGroup;
			children = (
				0E9D6762D1938600800CEAC4 /* MockTranscriptionEngine.swift */,
			);
			path = Mocks;
			sourceTree = "<group>";
		};
/* End PBXGroup section */

/* Begin PBXNativeTarget section */
		8F33053D27E62693F93A3906 /* WritWatch */ = {
			isa = PBXNativeTarget;
			buildConfigurationList = 0E6DD87988027535BA4C9A1E /* Build configuration list for PBXNativeTarget "WritWatch" */;
			buildPhases = (
				151AF434B3EF69900293C5B9 /* Sources */,
			);
			buildRules = (
			);
			dependencies = (
			);
			name = WritWatch;
			packageProductDependencies = (
			);
			productName = WritWatch;
			productReference = 6AEE27E2BDAFFD6E4A1D9DB8 /* WritWatch.app */;
			productType = "com.apple.product-type.application";
		};
		91635D27CCEF7572A2EDC1A5 /* WritTests */ = {
			isa = PBXNativeTarget;
			buildConfigurationList = 66A79B5C65F981A570613924 /* Build configuration list for PBXNativeTarget "WritTests" */;
			buildPhases = (
				06CE72D3718DB205E9BB64B3 /* Sources */,
			);
			buildRules = (
			);
			dependencies = (
				E85D3F16DF940B693FD1EC79 /* PBXTargetDependency */,
			);
			name = WritTests;
			packageProductDependencies = (
			);
			productName = WritTests;
			productReference = 159807BAD118BC6189C7F925 /* WritTests.xctest */;
			productType = "com.apple.product-type.bundle.unit-test";
		};
		B70CACF13BCA4D403296CFE2 /* Writ */ = {
			isa = PBXNativeTarget;
			buildConfigurationList = 7D7D3A12A3D6E3523D52ABC7 /* Build configuration list for PBXNativeTarget "Writ" */;
			buildPhases = (
				4EED65CEC7BB7C5B040477E9 /* Sources */,
				7F4490EB65EEB84364F87749 /* Resources */,
				4454ECB072641E0BB68756C3 /* Frameworks */,
				E9D5165E8DCB92A9A2AA3516 /* Embed Dependencies */,
			);
			buildRules = (
			);
			dependencies = (
				3DCDFD2954F490944580241D /* PBXTargetDependency */,
			);
			name = Writ;
			packageProductDependencies = (
				180241A02C06271F5B7433CC /* WhisperKit */,
				7A58487611025E71BEB3241C /* TTSKit */,
			);
			productName = Writ;
			productReference = EB2CFAF84DB2F8274AC9E66F /* Writ.app */;
			productType = "com.apple.product-type.application";
		};
		FFC58C17E8C9280B1FE475F5 /* WritWidgetExtension */ = {
			isa = PBXNativeTarget;
			buildConfigurationList = 7C470FD012208C0DECF1D9EE /* Build configuration list for PBXNativeTarget "WritWidgetExtension" */;
			buildPhases = (
				85D75630F96CE1E673C6768C /* Sources */,
			);
			buildRules = (
			);
			dependencies = (
			);
			name = WritWidgetExtension;
			packageProductDependencies = (
			);
			productName = WritWidgetExtension;
			productReference = 4D4E8C2F6544728333B73672 /* WritWidgetExtension.appex */;
			productType = "com.apple.product-type.app-extension";
		};
/* End PBXNativeTarget section */

/* Begin PBXProject section */
		986FFD0EF3ABB55A8D5D4B17 /* Project object */ = {
			isa = PBXProject;
			attributes = {
				BuildIndependentTargetsInParallel = YES;
				LastUpgradeCheck = 2630;
				TargetAttributes = {
					8F33053D27E62693F93A3906 = {
						DevelopmentTeam = L5C2VXW59R;
						ProvisioningStyle = Automatic;
					};
					91635D27CCEF7572A2EDC1A5 = {
						DevelopmentTeam = L5C2VXW59R;
						ProvisioningStyle = Automatic;
					};
					B70CACF13BCA4D403296CFE2 = {
						DevelopmentTeam = L5C2VXW59R;
						ProvisioningStyle = Automatic;
					};
					FFC58C17E8C9280B1FE475F5 = {
						DevelopmentTeam = L5C2VXW59R;
						ProvisioningStyle = Automatic;
					};
				};
			};
			buildConfigurationList = 9CAE537B2FA4477CC9B3DB39 /* Build configuration list for PBXProject "Writ" */;
			developmentRegion = en;
			hasScannedForEncodings = 0;
			knownRegions = (
				Base,
				en,
			);
			mainGroup = 7F00D5476D05A7667B73D89D;
			minimizedProjectReferenceProxies = 1;
			packageReferences = (
				1B3FAD7289635844144A63A7 /* XCRemoteSwiftPackageReference "WhisperKit" */,
			);
			preferredProjectObjectVersion = 77;
			productRefGroup = 77748F006D9AC81CBE384642 /* Products */;
			projectDirPath = "";
			projectRoot = "";
			targets = (
				B70CACF13BCA4D403296CFE2 /* Writ */,
				91635D27CCEF7572A2EDC1A5 /* WritTests */,
				8F33053D27E62693F93A3906 /* WritWatch */,
				FFC58C17E8C9280B1FE475F5 /* WritWidgetExtension */,
			);
		};
/* End PBXProject section */

/* Begin PBXResourcesBuildPhase section */
		7F4490EB65EEB84364F87749 /* Resources */ = {
			isa = PBXResourcesBuildPhase;
			buildActionMask = 2147483647;
			files = (
				F3E19B6E3E727BD0C111031A /* Assets.xcassets in Resources */,
			);
			runOnlyForDeploymentPostprocessing = 0;
		};
/* End PBXResourcesBuildPhase section */

/* Begin PBXSourcesBuildPhase section */
		06CE72D3718DB205E9BB64B3 /* Sources */ = {
			isa = PBXSourcesBuildPhase;
			buildActionMask = 2147483647;
			files = (
				C08E8995BE99C7ED03F93EF1 /* AppGroupConstantsTests.swift in Sources */,
				B6DA2896448C60246CD37D20 /* AppStateTests.swift in Sources */,
				A1CE9D9507A59539314DC612 /* DeepLinkTests.swift in Sources */,
				485B8995B2CA480CCB06948B /* DeviceCapabilityTests.swift in Sources */,
				3907A8B61DBF222BABDC8A72 /* FormattingHelpersTests.swift in Sources */,
				7D055A8242F3FDD2027F7510 /* LiveActivityManagerTests.swift in Sources */,
				8F5765E117622CA87B4CFEE5 /* MockTranscriptionEngine.swift in Sources */,
				398E5C5D8493D49ADA4E6D6A /* ModelLoadPhaseTests.swift in Sources */,
				C892ED3A4ECC99DCE8D01977 /* ModelManagerCancelTests.swift in Sources */,
				F6015EB1E100DC05F5D11BE8 /* ModelManagerTests.swift in Sources */,
				60435EFA0E7AD7418738FA1A /* ModelRowViewTests.swift in Sources */,
				92E6A335E205B5A07641465E /* ModelStateTests.swift in Sources */,
				EF2EFBC927674F96A0920677 /* SRTExporterTests.swift in Sources */,
				7FFD2052A885DEBD54FC4C39 /* SourceDeviceTests.swift in Sources */,
				2D6A09B46359E6824154DDAB /* TXTExporterTests.swift in Sources */,
				2A915DEABA28EAA211A4497B /* TranscriptionTests.swift in Sources */,
				E271EC054C884C9F753C3454 /* WhisperKitEngineTests.swift in Sources */,
				906292747CB2CD72E817ABBA /* WhisperModelTests.swift in Sources */,
				3DC63B53019BD9E1F269C558 /* WritActivityAttributesTests.swift in Sources */,
				35CD39CB23534CB5A2284E83 /* WritIntentsTests.swift in Sources */,
			);
			runOnlyForDeploymentPostprocessing = 0;
		};
		151AF434B3EF69900293C5B9 /* Sources */ = {
			isa = PBXSourcesBuildPhase;
			buildActionMask = 2147483647;
			files = (
				57F8815C1969C2F17D00B462 /* WatchRecordingListView.swift in Sources */,
				C7518C60EB0075558B7D2226 /* WatchRecordingView.swift in Sources */,
				87B494ED6298AF0DABAE7298 /* WatchSessionManager.swift in Sources */,
				65F8DF21E600EE87798692A1 /* WritWatchApp.swift in Sources */,
			);
			runOnlyForDeploymentPostprocessing = 0;
		};
		4EED65CEC7BB7C5B040477E9 /* Sources */ = {
			isa = PBXSourcesBuildPhase;
			buildActionMask = 2147483647;
			files = (
				E1FFB8ECD9056B978AB40E5F /* AppGroupConstants.swift in Sources */,
				07F08A0AD95BD9CA2FF14E3A /* AppState.swift in Sources */,
				23C8BAD12953C3ADEA113DCE /* AudioPlayerView.swift in Sources */,
				D768C33FA1D997D98B7DAF1E /* AudioRecorderService.swift in Sources */,
				CB0335A906439758C3C7BFAE /* AudioWaveformExtractor.swift in Sources */,
				8F7DCFF3412152E575D59EB5 /* ClipboardService.swift in Sources */,
				6F25F5C3795013A08B3586B1 /* ContentView.swift in Sources */,
				82A8E97A0BA2E9AD76207785 /* DeviceCapability.swift in Sources */,
				39FB1551CEAC805A2C10FEFC /* ExportSheet.swift in Sources */,
				93EE85FC6502285E90DE4EAF /* FnKeyMonitor.swift in Sources */,
				A31DB42DA544E1ED821C6957 /* FormattingHelpers.swift in Sources */,
				3DCC3B9543641749E76CF0D6 /* HistoryRowView.swift in Sources */,
				12E226BD68D291AB86E4BF88 /* HistoryView.swift in Sources */,
				6E3EB1A136A88F004D3FF630 /* LiveActivityIntents.swift in Sources */,
				FCF8568FA900EBCFC3899DE8 /* LiveActivityManager.swift in Sources */,
				6E295C880ACA1039BE357AE9 /* MacDetailView.swift in Sources */,
				E49E872E7C85542574CCB69B /* MacMainView.swift in Sources */,
				C1E52110156CFC6279F59AE2 /* MacSidebarRowView.swift in Sources */,
				04ED7C2CD902F8BD74C030F9 /* MenuBarView.swift in Sources */,
				E65FEE24A9D895F6AB3BBCD7 /* ModelManager.swift in Sources */,
				298C873EEC3473BC2598E688 /* PhoneWatchSessionManager.swift in Sources */,
				F02206ABC206402099B3293C /* Recording.swift in Sources */,
				E389A64ADC4267F09DB87863 /* RecordingView.swift in Sources */,
				58552C42DEBD35B637C4CF8C /* RetranscribeSheet.swift in Sources */,
				01CADA4E8A062238E77A12C6 /* SRTExporter.swift in Sources */,
				4678F97147B63B0A5A262AFE /* SettingsView.swift in Sources */,
				2ED83E9524A064298B144441 /* TXTExporter.swift in Sources */,
				9EDC5572DFBE001B76AB0347 /* Transcription.swift in Sources */,
				6CBDFA70EBD525E3E9D285D1 /* TranscriptionDetailView.swift in Sources */,
				D4A706C7391D00A5D7BF38E1 /* TranscriptionEngine.swift in Sources */,
				E5DAA0BEBE1D6F7CD53E28F1 /* WaveformView.swift in Sources */,
				881AF3F0719B2D6ECFE7B2BC /* WhisperKitEngine.swift in Sources */,
				2B0623F02D1AD91FB5F1F474 /* WhisperModel.swift in Sources */,
				C106F1D7DCE4C6B0581EBCCB /* WritActivityAttributes.swift in Sources */,
				087673AEF84E841FE144F726 /* WritApp.swift in Sources */,
				C5BBF3DB918C7BC99B447E40 /* WritIntents.swift in Sources */,
				0733C5331CF4AB6E797A5510 /* WritSegment.swift in Sources */,
				3CC3DF738686A89AC6FBB155 /* WritTheme.swift in Sources */,
			);
			runOnlyForDeploymentPostprocessing = 0;
		};
		85D75630F96CE1E673C6768C /* Sources */ = {
			isa = PBXSourcesBuildPhase;
			buildActionMask = 2147483647;
			files = (
				420F08CBEE5E0569B24D8735 /* AppGroupConstants.swift in Sources */,
				4CAB7FC4BCF1E8889C46AE2D /* LiveActivityIntents.swift in Sources */,
				98B568D5852DE3F17BC378F9 /* LockScreenLiveActivityView.swift in Sources */,
				71C7ADD198495EF928E11051 /* WidgetConstants.swift in Sources */,
				C93E576FD4EBC47F420A7E09 /* WritActivityAttributes.swift in Sources */,
				AA991A1B1FC60CF0B7F3EE84 /* WritLiveActivity.swift in Sources */,
				BC525A45888371B42368FB62 /* WritRecordingWidget.swift in Sources */,
				DA178190DFCF415B32609071 /* WritWidgetBundle.swift in Sources */,
			);
			runOnlyForDeploymentPostprocessing = 0;
		};
/* End PBXSourcesBuildPhase section */

/* Begin PBXTargetDependency section */
		3DCDFD2954F490944580241D /* PBXTargetDependency */ = {
			isa = PBXTargetDependency;
			platformFilters = (
				ios,
			);
			target = FFC58C17E8C9280B1FE475F5 /* WritWidgetExtension */;
			targetProxy = 33FC70BEDC07C1ED38A9237D /* PBXContainerItemProxy */;
		};
		E85D3F16DF940B693FD1EC79 /* PBXTargetDependency */ = {
			isa = PBXTargetDependency;
			target = B70CACF13BCA4D403296CFE2 /* Writ */;
			targetProxy = A32F59ED4E0D264A76F35A84 /* PBXContainerItemProxy */;
		};
/* End PBXTargetDependency section */

/* Begin XCBuildConfiguration section */
		05398BCD866CB7DAD2384900 /* Release */ = {
			isa = XCBuildConfiguration;
			buildSettings = {
				CODE_SIGN_ENTITLEMENTS = WritWidgetExtension/WritWidgetExtension.entitlements;
				CURRENT_PROJECT_VERSION = 1;
				GENERATE_INFOPLIST_FILE = YES;
				INFOPLIST_FILE = WritWidgetExtension/Info.plist;
				INFOPLIST_KEY_CFBundleDisplayName = WritWidget;
				LD_RUNPATH_SEARCH_PATHS = "$(inherited) @executable_path/Frameworks @executable_path/../../Frameworks";
				MARKETING_VERSION = 1.0;
				PRODUCT_BUNDLE_IDENTIFIER = com.solstice.Writ.WritWidgetExtension;
				SDKROOT = iphoneos;
				SKIP_INSTALL = YES;
				SWIFT_ACTIVE_COMPILATION_CONDITIONS = "$(inherited) WIDGET_EXTENSION";
				SWIFT_EMIT_LOC_STRINGS = YES;
				TARGETED_DEVICE_FAMILY = "1,2";
			};
			name = Release;
		};
		2AC0C3D8B4BA7538E2931398 /* Release */ = {
			isa = XCBuildConfiguration;
			buildSettings = {
				ASSETCATALOG_COMPILER_APPICON_NAME = AppIcon;
				ASSETCATALOG_COMPILER_GLOBAL_ACCENT_COLOR_NAME = AccentColor;
				CODE_SIGN_ENTITLEMENTS = Writ/Writ.entitlements;
				CODE_SIGN_IDENTITY = "iPhone Developer";
				CURRENT_PROJECT_VERSION = 1;
				ENABLE_APP_SANDBOX = NO;
				ENABLE_HARDENED_RUNTIME = NO;
				ENABLE_PREVIEWS = YES;
				GENERATE_INFOPLIST_FILE = YES;
				INFOPLIST_FILE = Writ/Info.plist;
				INFOPLIST_KEY_BGTaskSchedulerPermittedIdentifiers = (
					com.solstice.writ.transcribe,
				);
				INFOPLIST_KEY_NSMicrophoneUsageDescription = "음성을 텍스트로 변환하기 위해 마이크 접근이 필요합니다.";
				"INFOPLIST_KEY_NSMicrophoneUsageDescription[sdk=macosx*]" = "음성을 텍스트로 변환하기 위해 마이크 접근이 필요합니다.";
				INFOPLIST_KEY_NSSupportsLiveActivities = YES;
				"INFOPLIST_KEY_UIApplicationSceneManifest_Generation[sdk=iphoneos*]" = YES;
				"INFOPLIST_KEY_UIApplicationSceneManifest_Generation[sdk=iphonesimulator*]" = YES;
				"INFOPLIST_KEY_UIApplicationSupportsIndirectInputEvents[sdk=iphoneos*]" = YES;
				"INFOPLIST_KEY_UIApplicationSupportsIndirectInputEvents[sdk=iphonesimulator*]" = YES;
				"INFOPLIST_KEY_UILaunchScreen_Generation[sdk=iphoneos*]" = YES;
				"INFOPLIST_KEY_UILaunchScreen_Generation[sdk=iphonesimulator*]" = YES;
				"INFOPLIST_KEY_UIStatusBarStyle[sdk=iphoneos*]" = UIStatusBarStyleDefault;
				"INFOPLIST_KEY_UIStatusBarStyle[sdk=iphonesimulator*]" = UIStatusBarStyleDefault;
				INFOPLIST_KEY_UISupportedInterfaceOrientations_iPad = "UIInterfaceOrientationPortrait UIInterfaceOrientationPortraitUpsideDown UIInterfaceOrientationLandscapeLeft UIInterfaceOrientationLandscapeRight";
				INFOPLIST_KEY_UISupportedInterfaceOrientations_iPhone = "UIInterfaceOrientationPortrait UIInterfaceOrientationLandscapeLeft UIInterfaceOrientationLandscapeRight";
				LD_RUNPATH_SEARCH_PATHS = (
					"$(inherited)",
					"@executable_path/Frameworks",
				);
				"LD_RUNPATH_SEARCH_PATHS[sdk=iphoneos*]" = "@executable_path/Frameworks";
				"LD_RUNPATH_SEARCH_PATHS[sdk=iphonesimulator*]" = "@executable_path/Frameworks";
				"LD_RUNPATH_SEARCH_PATHS[sdk=macosx*]" = "@executable_path/../Frameworks";
				MARKETING_VERSION = 1.0;
				PRODUCT_BUNDLE_IDENTIFIER = com.solstice.Writ;
				REGISTER_APP_GROUPS = YES;
				SDKROOT = auto;
				STRING_CATALOG_GENERATE_SYMBOLS = YES;
				SUPPORTED_PLATFORMS = "iphoneos iphonesimulator macosx";
				SUPPORTS_MACCATALYST = NO;
				SUPPORTS_MAC_DESIGNED_FOR_IPHONE_IPAD = NO;
				SUPPORTS_XR_DESIGNED_FOR_IPHONE_IPAD = YES;
				TARGETED_DEVICE_FAMILY = "1,2";
			};
			name = Release;
		};
		31458F8E401CC69E7F364BFE /* Release */ = {
			isa = XCBuildConfiguration;
			buildSettings = {
				ALWAYS_SEARCH_USER_PATHS = NO;
				CLANG_ANALYZER_NONNULL = YES;
				CLANG_ANALYZER_NUMBER_OBJECT_CONVERSION = YES_AGGRESSIVE;
				CLANG_CXX_LANGUAGE_STANDARD = "gnu++14";
				CLANG_CXX_LIBRARY = "libc++";
				CLANG_ENABLE_MODULES = YES;
				CLANG_ENABLE_OBJC_ARC = YES;
				CLANG_ENABLE_OBJC_WEAK = YES;
				CLANG_WARN_BLOCK_CAPTURE_AUTORELEASING = YES;
				CLANG_WARN_BOOL_CONVERSION = YES;
				CLANG_WARN_COMMA = YES;
				CLANG_WARN_CONSTANT_CONVERSION = YES;
				CLANG_WARN_DEPRECATED_OBJC_IMPLEMENTATIONS = YES;
				CLANG_WARN_DIRECT_OBJC_ISA_USAGE = YES_ERROR;
				CLANG_WARN_DOCUMENTATION_COMMENTS = YES;
				CLANG_WARN_EMPTY_BODY = YES;
				CLANG_WARN_ENUM_CONVERSION = YES;
				CLANG_WARN_INFINITE_RECURSION = YES;
				CLANG_WARN_INT_CONVERSION = YES;
				CLANG_WARN_NON_LITERAL_NULL_CONVERSION = YES;
				CLANG_WARN_OBJC_IMPLICIT_RETAIN_SELF = YES;
				CLANG_WARN_OBJC_LITERAL_CONVERSION = YES;
				CLANG_WARN_OBJC_ROOT_CLASS = YES_ERROR;
				CLANG_WARN_QUOTED_INCLUDE_IN_FRAMEWORK_HEADER = YES;
				CLANG_WARN_RANGE_LOOP_ANALYSIS = YES;
				CLANG_WARN_STRICT_PROTOTYPES = YES;
				CLANG_WARN_SUSPICIOUS_MOVE = YES;
				CLANG_WARN_UNGUARDED_AVAILABILITY = YES_AGGRESSIVE;
				CLANG_WARN_UNREACHABLE_CODE = YES;
				CLANG_WARN__DUPLICATE_METHOD_MATCH = YES;
				CODE_SIGN_STYLE = Automatic;
				COPY_PHASE_STRIP = NO;
				DEBUG_INFORMATION_FORMAT = "dwarf-with-dsym";
				DEVELOPMENT_TEAM = L5C2VXW59R;
				ENABLE_NS_ASSERTIONS = NO;
				ENABLE_STRICT_OBJC_MSGSEND = YES;
				GCC_C_LANGUAGE_STANDARD = gnu11;
				GCC_NO_COMMON_BLOCKS = YES;
				GCC_WARN_64_TO_32_BIT_CONVERSION = YES;
				GCC_WARN_ABOUT_RETURN_TYPE = YES_ERROR;
				GCC_WARN_UNDECLARED_SELECTOR = YES;
				GCC_WARN_UNINITIALIZED_AUTOS = YES_AGGRESSIVE;
				GCC_WARN_UNUSED_FUNCTION = YES;
				GCC_WARN_UNUSED_VARIABLE = YES;
				IPHONEOS_DEPLOYMENT_TARGET = 26.0;
				MACOSX_DEPLOYMENT_TARGET = 14.0;
				MTL_ENABLE_DEBUG_INFO = NO;
				MTL_FAST_MATH = YES;
				PRODUCT_NAME = "$(TARGET_NAME)";
				SWIFT_APPROACHABLE_CONCURRENCY = YES;
				SWIFT_COMPILATION_MODE = wholemodule;
				SWIFT_DEFAULT_ACTOR_ISOLATION = MainActor;
				SWIFT_OPTIMIZATION_LEVEL = "-O";
				SWIFT_VERSION = 5.0;
				WATCHOS_DEPLOYMENT_TARGET = 10.0;
			};
			name = Release;
		};
		37F98C1DAB0A24B2D55DBB6D /* Debug */ = {
			isa = XCBuildConfiguration;
			buildSettings = {
				BUNDLE_LOADER = "$(TEST_HOST)";
				GENERATE_INFOPLIST_FILE = YES;
				LD_RUNPATH_SEARCH_PATHS = (
					"$(inherited)",
					"@executable_path/Frameworks",
					"@loader_path/Frameworks",
				);
				PRODUCT_BUNDLE_IDENTIFIER = com.solstice.Writ.WritTests;
				SDKROOT = iphoneos;
				TARGETED_DEVICE_FAMILY = "1,2";
				TEST_HOST = "$(BUILT_PRODUCTS_DIR)/Writ.app/Writ";
			};
			name = Debug;
		};
		3D0511B23E862A7825854427 /* Debug */ = {
			isa = XCBuildConfiguration;
			buildSettings = {
				ALWAYS_SEARCH_USER_PATHS = NO;
				CLANG_ANALYZER_NONNULL = YES;
				CLANG_ANALYZER_NUMBER_OBJECT_CONVERSION = YES_AGGRESSIVE;
				CLANG_CXX_LANGUAGE_STANDARD = "gnu++14";
				CLANG_CXX_LIBRARY = "libc++";
				CLANG_ENABLE_MODULES = YES;
				CLANG_ENABLE_OBJC_ARC = YES;
				CLANG_ENABLE_OBJC_WEAK = YES;
				CLANG_WARN_BLOCK_CAPTURE_AUTORELEASING = YES;
				CLANG_WARN_BOOL_CONVERSION = YES;
				CLANG_WARN_COMMA = YES;
				CLANG_WARN_CONSTANT_CONVERSION = YES;
				CLANG_WARN_DEPRECATED_OBJC_IMPLEMENTATIONS = YES;
				CLANG_WARN_DIRECT_OBJC_ISA_USAGE = YES_ERROR;
				CLANG_WARN_DOCUMENTATION_COMMENTS = YES;
				CLANG_WARN_EMPTY_BODY = YES;
				CLANG_WARN_ENUM_CONVERSION = YES;
				CLANG_WARN_INFINITE_RECURSION = YES;
				CLANG_WARN_INT_CONVERSION = YES;
				CLANG_WARN_NON_LITERAL_NULL_CONVERSION = YES;
				CLANG_WARN_OBJC_IMPLICIT_RETAIN_SELF = YES;
				CLANG_WARN_OBJC_LITERAL_CONVERSION = YES;
				CLANG_WARN_OBJC_ROOT_CLASS = YES_ERROR;
				CLANG_WARN_QUOTED_INCLUDE_IN_FRAMEWORK_HEADER = YES;
				CLANG_WARN_RANGE_LOOP_ANALYSIS = YES;
				CLANG_WARN_STRICT_PROTOTYPES = YES;
				CLANG_WARN_SUSPICIOUS_MOVE = YES;
				CLANG_WARN_UNGUARDED_AVAILABILITY = YES_AGGRESSIVE;
				CLANG_WARN_UNREACHABLE_CODE = YES;
				CLANG_WARN__DUPLICATE_METHOD_MATCH = YES;
				CODE_SIGN_STYLE = Automatic;
				COPY_PHASE_STRIP = NO;
				DEBUG_INFORMATION_FORMAT = dwarf;
				DEVELOPMENT_TEAM = L5C2VXW59R;
				ENABLE_STRICT_OBJC_MSGSEND = YES;
				ENABLE_TESTABILITY = YES;
				GCC_C_LANGUAGE_STANDARD = gnu11;
				GCC_DYNAMIC_NO_PIC = NO;
				GCC_NO_COMMON_BLOCKS = YES;
				GCC_OPTIMIZATION_LEVEL = 0;
				GCC_PREPROCESSOR_DEFINITIONS = (
					"$(inherited)",
					"DEBUG=1",
				);
				GCC_WARN_64_TO_32_BIT_CONVERSION = YES;
				GCC_WARN_ABOUT_RETURN_TYPE = YES_ERROR;
				GCC_WARN_UNDECLARED_SELECTOR = YES;
				GCC_WARN_UNINITIALIZED_AUTOS = YES_AGGRESSIVE;
				GCC_WARN_UNUSED_FUNCTION = YES;
				GCC_WARN_UNUSED_VARIABLE = YES;
				IPHONEOS_DEPLOYMENT_TARGET = 26.0;
				MACOSX_DEPLOYMENT_TARGET = 14.0;
				MTL_ENABLE_DEBUG_INFO = INCLUDE_SOURCE;
				MTL_FAST_MATH = YES;
				ONLY_ACTIVE_ARCH = YES;
				PRODUCT_NAME = "$(TARGET_NAME)";
				SWIFT_ACTIVE_COMPILATION_CONDITIONS = DEBUG;
				SWIFT_APPROACHABLE_CONCURRENCY = YES;
				SWIFT_DEFAULT_ACTOR_ISOLATION = MainActor;
				SWIFT_OPTIMIZATION_LEVEL = "-Onone";
				SWIFT_VERSION = 5.0;
				WATCHOS_DEPLOYMENT_TARGET = 10.0;
			};
			name = Debug;
		};
		78B6E0EE13C0047E5FFB05AE /* Release */ = {
			isa = XCBuildConfiguration;
			buildSettings = {
				BUNDLE_LOADER = "$(TEST_HOST)";
				GENERATE_INFOPLIST_FILE = YES;
				LD_RUNPATH_SEARCH_PATHS = (
					"$(inherited)",
					"@executable_path/Frameworks",
					"@loader_path/Frameworks",
				);
				PRODUCT_BUNDLE_IDENTIFIER = com.solstice.Writ.WritTests;
				SDKROOT = iphoneos;
				TARGETED_DEVICE_FAMILY = "1,2";
				TEST_HOST = "$(BUILT_PRODUCTS_DIR)/Writ.app/Writ";
			};
			name = Release;
		};
		B8711578C85602377173B2F8 /* Release */ = {
			isa = XCBuildConfiguration;
			buildSettings = {
				ASSETCATALOG_COMPILER_APPICON_NAME = AppIcon;
				CURRENT_PROJECT_VERSION = 1;
				GENERATE_INFOPLIST_FILE = YES;
				INFOPLIST_KEY_WKCompanionAppBundleIdentifier = com.solstice.Writ;
				MARKETING_VERSION = 1.0;
				PRODUCT_BUNDLE_IDENTIFIER = com.solstice.Writ.watchkitapp;
				SDKROOT = watchos;
				SKIP_INSTALL = YES;
				SWIFT_EMIT_LOC_STRINGS = YES;
				TARGETED_DEVICE_FAMILY = 4;
			};
			name = Release;
		};
		C471111C9D3D2E22281FEF13 /* Debug */ = {
			isa = XCBuildConfiguration;
			buildSettings = {
				ASSETCATALOG_COMPILER_APPICON_NAME = AppIcon;
				ASSETCATALOG_COMPILER_GLOBAL_ACCENT_COLOR_NAME = AccentColor;
				CODE_SIGN_ENTITLEMENTS = Writ/Writ.entitlements;
				CODE_SIGN_IDENTITY = "iPhone Developer";
				CURRENT_PROJECT_VERSION = 1;
				ENABLE_APP_SANDBOX = NO;
				ENABLE_HARDENED_RUNTIME = NO;
				ENABLE_PREVIEWS = YES;
				GENERATE_INFOPLIST_FILE = YES;
				INFOPLIST_FILE = Writ/Info.plist;
				INFOPLIST_KEY_BGTaskSchedulerPermittedIdentifiers = (
					com.solstice.writ.transcribe,
				);
				INFOPLIST_KEY_NSMicrophoneUsageDescription = "음성을 텍스트로 변환하기 위해 마이크 접근이 필요합니다.";
				"INFOPLIST_KEY_NSMicrophoneUsageDescription[sdk=macosx*]" = "음성을 텍스트로 변환하기 위해 마이크 접근이 필요합니다.";
				INFOPLIST_KEY_NSSupportsLiveActivities = YES;
				"INFOPLIST_KEY_UIApplicationSceneManifest_Generation[sdk=iphoneos*]" = YES;
				"INFOPLIST_KEY_UIApplicationSceneManifest_Generation[sdk=iphonesimulator*]" = YES;
				"INFOPLIST_KEY_UIApplicationSupportsIndirectInputEvents[sdk=iphoneos*]" = YES;
				"INFOPLIST_KEY_UIApplicationSupportsIndirectInputEvents[sdk=iphonesimulator*]" = YES;
				"INFOPLIST_KEY_UILaunchScreen_Generation[sdk=iphoneos*]" = YES;
				"INFOPLIST_KEY_UILaunchScreen_Generation[sdk=iphonesimulator*]" = YES;
				"INFOPLIST_KEY_UIStatusBarStyle[sdk=iphoneos*]" = UIStatusBarStyleDefault;
				"INFOPLIST_KEY_UIStatusBarStyle[sdk=iphonesimulator*]" = UIStatusBarStyleDefault;
				INFOPLIST_KEY_UISupportedInterfaceOrientations_iPad = "UIInterfaceOrientationPortrait UIInterfaceOrientationPortraitUpsideDown UIInterfaceOrientationLandscapeLeft UIInterfaceOrientationLandscapeRight";
				INFOPLIST_KEY_UISupportedInterfaceOrientations_iPhone = "UIInterfaceOrientationPortrait UIInterfaceOrientationLandscapeLeft UIInterfaceOrientationLandscapeRight";
				LD_RUNPATH_SEARCH_PATHS = (
					"$(inherited)",
					"@executable_path/Frameworks",
				);
				"LD_RUNPATH_SEARCH_PATHS[sdk=iphoneos*]" = "@executable_path/Frameworks";
				"LD_RUNPATH_SEARCH_PATHS[sdk=iphonesimulator*]" = "@executable_path/Frameworks";
				"LD_RUNPATH_SEARCH_PATHS[sdk=macosx*]" = "@executable_path/../Frameworks";
				MARKETING_VERSION = 1.0;
				PRODUCT_BUNDLE_IDENTIFIER = com.solstice.Writ;
				REGISTER_APP_GROUPS = YES;
				SDKROOT = auto;
				STRING_CATALOG_GENERATE_SYMBOLS = YES;
				SUPPORTED_PLATFORMS = "iphoneos iphonesimulator macosx";
				SUPPORTS_MACCATALYST = NO;
				SUPPORTS_MAC_DESIGNED_FOR_IPHONE_IPAD = NO;
				SUPPORTS_XR_DESIGNED_FOR_IPHONE_IPAD = YES;
				TARGETED_DEVICE_FAMILY = "1,2";
			};
			name = Debug;
		};
		C6729691A98DF84AA5D336E8 /* Debug */ = {
			isa = XCBuildConfiguration;
			buildSettings = {
				CODE_SIGN_ENTITLEMENTS = WritWidgetExtension/WritWidgetExtension.entitlements;
				CURRENT_PROJECT_VERSION = 1;
				GENERATE_INFOPLIST_FILE = YES;
				INFOPLIST_FILE = WritWidgetExtension/Info.plist;
				INFOPLIST_KEY_CFBundleDisplayName = WritWidget;
				LD_RUNPATH_SEARCH_PATHS = "$(inherited) @executable_path/Frameworks @executable_path/../../Frameworks";
				MARKETING_VERSION = 1.0;
				PRODUCT_BUNDLE_IDENTIFIER = com.solstice.Writ.WritWidgetExtension;
				SDKROOT = iphoneos;
				SKIP_INSTALL = YES;
				SWIFT_ACTIVE_COMPILATION_CONDITIONS = "$(inherited) WIDGET_EXTENSION";
				SWIFT_EMIT_LOC_STRINGS = YES;
				TARGETED_DEVICE_FAMILY = "1,2";
			};
			name = Debug;
		};
		F81FF0C7B679CFE40DAB106A /* Debug */ = {
			isa = XCBuildConfiguration;
			buildSettings = {
				ASSETCATALOG_COMPILER_APPICON_NAME = AppIcon;
				CURRENT_PROJECT_VERSION = 1;
				GENERATE_INFOPLIST_FILE = YES;
				INFOPLIST_KEY_WKCompanionAppBundleIdentifier = com.solstice.Writ;
				MARKETING_VERSION = 1.0;
				PRODUCT_BUNDLE_IDENTIFIER = com.solstice.Writ.watchkitapp;
				SDKROOT = watchos;
				SKIP_INSTALL = YES;
				SWIFT_EMIT_LOC_STRINGS = YES;
				TARGETED_DEVICE_FAMILY = 4;
			};
			name = Debug;
		};
/* End XCBuildConfiguration section */

/* Begin XCConfigurationList section */
		0E6DD87988027535BA4C9A1E /* Build configuration list for PBXNativeTarget "WritWatch" */ = {
			isa = XCConfigurationList;
			buildConfigurations = (
				F81FF0C7B679CFE40DAB106A /* Debug */,
				B8711578C85602377173B2F8 /* Release */,
			);
			defaultConfigurationIsVisible = 0;
			defaultConfigurationName = Debug;
		};
		66A79B5C65F981A570613924 /* Build configuration list for PBXNativeTarget "WritTests" */ = {
			isa = XCConfigurationList;
			buildConfigurations = (
				37F98C1DAB0A24B2D55DBB6D /* Debug */,
				78B6E0EE13C0047E5FFB05AE /* Release */,
			);
			defaultConfigurationIsVisible = 0;
			defaultConfigurationName = Debug;
		};
		7C470FD012208C0DECF1D9EE /* Build configuration list for PBXNativeTarget "WritWidgetExtension" */ = {
			isa = XCConfigurationList;
			buildConfigurations = (
				C6729691A98DF84AA5D336E8 /* Debug */,
				05398BCD866CB7DAD2384900 /* Release */,
			);
			defaultConfigurationIsVisible = 0;
			defaultConfigurationName = Debug;
		};
		7D7D3A12A3D6E3523D52ABC7 /* Build configuration list for PBXNativeTarget "Writ" */ = {
			isa = XCConfigurationList;
			buildConfigurations = (
				C471111C9D3D2E22281FEF13 /* Debug */,
				2AC0C3D8B4BA7538E2931398 /* Release */,
			);
			defaultConfigurationIsVisible = 0;
			defaultConfigurationName = Debug;
		};
		9CAE537B2FA4477CC9B3DB39 /* Build configuration list for PBXProject "Writ" */ = {
			isa = XCConfigurationList;
			buildConfigurations = (
				3D0511B23E862A7825854427 /* Debug */,
				31458F8E401CC69E7F364BFE /* Release */,
			);
			defaultConfigurationIsVisible = 0;
			defaultConfigurationName = Debug;
		};
/* End XCConfigurationList section */

/* Begin XCRemoteSwiftPackageReference section */
		1B3FAD7289635844144A63A7 /* XCRemoteSwiftPackageReference "WhisperKit" */ = {
			isa = XCRemoteSwiftPackageReference;
			repositoryURL = "https://github.com/argmaxinc/WhisperKit.git";
			requirement = {
				kind = upToNextMajorVersion;
				minimumVersion = 0.16.0;
			};
		};
/* End XCRemoteSwiftPackageReference section */

/* Begin XCSwiftPackageProductDependency section */
		180241A02C06271F5B7433CC /* WhisperKit */ = {
			isa = XCSwiftPackageProductDependency;
			package = 1B3FAD7289635844144A63A7 /* XCRemoteSwiftPackageReference "WhisperKit" */;
			productName = WhisperKit;
		};
		7A58487611025E71BEB3241C /* TTSKit */ = {
			isa = XCSwiftPackageProductDependency;
			package = 1B3FAD7289635844144A63A7 /* XCRemoteSwiftPackageReference "WhisperKit" */;
			productName = TTSKit;
		};
/* End XCSwiftPackageProductDependency section */
	};
	rootObject = 986FFD0EF3ABB55A8D5D4B17 /* Project object */;
}
